// !$*UTF8*$!
{
	archiveVersion = 1;
	classes = {
	};
	objectVersion = 47;
	objects = {

/* Begin PBXBuildFile section */
		E20139C21F78024B008B12E1 /* Notifier.swift in Sources */ = {isa = PBXBuildFile; fileRef = E20139C11F78024B008B12E1 /* Notifier.swift */; };
		E209DF181BEFA5A8007708FB /* AppDelegate.swift in Sources */ = {isa = PBXBuildFile; fileRef = E209DF171BEFA5A8007708FB /* AppDelegate.swift */; };
		E209DF1A1BEFA5A8007708FB /* Assets.xcassets in Resources */ = {isa = PBXBuildFile; fileRef = E209DF191BEFA5A8007708FB /* Assets.xcassets */; };
		E209DF281BEFA5A8007708FB /* CaffeinatorTests.swift in Sources */ = {isa = PBXBuildFile; fileRef = E209DF271BEFA5A8007708FB /* CaffeinatorTests.swift */; };
		E209DF331BEFA5A8007708FB /* CaffeinatorUITests.swift in Sources */ = {isa = PBXBuildFile; fileRef = E209DF321BEFA5A8007708FB /* CaffeinatorUITests.swift */; };
		E217D8922069447C005FFCF3 /* Localizable.strings in Resources */ = {isa = PBXBuildFile; fileRef = E217D8942069447C005FFCF3 /* Localizable.strings */; };
		E23D4A76229B0AEE00F0FBB8 /* CaffeineKit.framework in Embed Frameworks */ = {isa = PBXBuildFile; fileRef = E2145216216ADEF7005756E5 /* CaffeineKit.framework */; settings = {ATTRIBUTES = (CodeSignOnCopy, RemoveHeadersOnCopy, ); }; };
		E26273E5211C8AB2005F9121 /* CustomPanelViewController.swift in Sources */ = {isa = PBXBuildFile; fileRef = E26273E4211C8AB2005F9121 /* CustomPanelViewController.swift */; };
		E26273E8211C8C5D005F9121 /* HelpPanelViewController.swift in Sources */ = {isa = PBXBuildFile; fileRef = E26273E6211C8C5D005F9121 /* HelpPanelViewController.swift */; };
		E26273EB211C8D7B005F9121 /* LicensesViewController.swift in Sources */ = {isa = PBXBuildFile; fileRef = E26273EA211C8D7B005F9121 /* LicensesViewController.swift */; };
		E26273EC211C8DFD005F9121 /* Main.storyboard in Resources */ = {isa = PBXBuildFile; fileRef = E26273EE211C8DFD005F9121 /* Main.storyboard */; };
		E26E1340211A4D9100DA4F90 /* KillallManager.swift in Sources */ = {isa = PBXBuildFile; fileRef = E26E133F211A4D9100DA4F90 /* KillallManager.swift */; };
		E278A2F622A06B1A00EEFFCB /* help_dark.html in Resources */ = {isa = PBXBuildFile; fileRef = E278A2F422A06B1700EEFFCB /* help_dark.html */; };
		E278A2F722A06B1C00EEFFCB /* help_light.html in Resources */ = {isa = PBXBuildFile; fileRef = E278A2F322A06B1700EEFFCB /* help_light.html */; };
		E27F9A622294DE6200CD60B0 /* ProcessAdditions.swift in Sources */ = {isa = PBXBuildFile; fileRef = E27F9A612294DE6200CD60B0 /* ProcessAdditions.swift */; };
		E287977322B82C55004355B1 /* ProcessPanelViewController.swift in Sources */ = {isa = PBXBuildFile; fileRef = E287977222B82C55004355B1 /* ProcessPanelViewController.swift */; };
		E287977922B93BC1004355B1 /* CaffeinationAdditions.swift in Sources */ = {isa = PBXBuildFile; fileRef = E287977822B93BC1004355B1 /* CaffeinationAdditions.swift */; };
		E287977C22B95A4B004355B1 /* CaffeineKit.framework.dSYM in CopyFiles */ = {isa = PBXBuildFile; fileRef = E287977A22B95A4B004355B1 /* CaffeineKit.framework.dSYM */; };
		E287978022B96455004355B1 /* Sparkle.framework in Embed Frameworks */ = {isa = PBXBuildFile; fileRef = E287977F22B96455004355B1 /* Sparkle.framework */; settings = {ATTRIBUTES = (CodeSignOnCopy, RemoveHeadersOnCopy, ); }; };
		E287978222B96470004355B1 /* Sparkle.framework.dSYM in CopyFiles */ = {isa = PBXBuildFile; fileRef = E287978122B96470004355B1 /* Sparkle.framework.dSYM */; };
		E287978622B97A1D004355B1 /* Sparkle.framework in Frameworks */ = {isa = PBXBuildFile; fileRef = E287977F22B96455004355B1 /* Sparkle.framework */; };
		E287978822B982A8004355B1 /* .gitignore in Resources */ = {isa = PBXBuildFile; fileRef = E287978722B982A8004355B1 /* .gitignore */; };
		E2AD896523BAA0BE0057E431 /* HotKey.framework in Embed Frameworks */ = {isa = PBXBuildFile; fileRef = E2AD896023BAA00C0057E431 /* HotKey.framework */; settings = {ATTRIBUTES = (CodeSignOnCopy, RemoveHeadersOnCopy, ); }; };
		E2AD896623BAA0C30057E431 /* HotKey.framework.dSYM in CopyFiles */ = {isa = PBXBuildFile; fileRef = E2AD896223BAA0270057E431 /* HotKey.framework.dSYM */; };
		E2AD896823BAA66A0057E431 /* HotKeyManager.swift in Sources */ = {isa = PBXBuildFile; fileRef = E2AD896723BAA66A0057E431 /* HotKeyManager.swift */; };
		E2AD896A23BAAE3F0057E431 /* ShortcutsViewController.swift in Sources */ = {isa = PBXBuildFile; fileRef = E2AD896923BAAE3F0057E431 /* ShortcutsViewController.swift */; };
		E2EAD9F81F5E117A00E60133 /* Licenses.rtf in Resources */ = {isa = PBXBuildFile; fileRef = E2EAD9F71F5E117A00E60133 /* Licenses.rtf */; };
		E2EF735C22B7D94500DC3296 /* TimeEntryPanelViewController.swift in Sources */ = {isa = PBXBuildFile; fileRef = E2EF735B22B7D94500DC3296 /* TimeEntryPanelViewController.swift */; };
		E2EF735E22B7FF8400DC3296 /* PseudoModal.swift in Sources */ = {isa = PBXBuildFile; fileRef = E2EF735D22B7FF8400DC3296 /* PseudoModal.swift */; };
/* End PBXBuildFile section */

/* Begin PBXContainerItemProxy section */
		E209DF241BEFA5A8007708FB /* PBXContainerItemProxy */ = {
			isa = PBXContainerItemProxy;
			containerPortal = E209DF0C1BEFA5A8007708FB /* Project object */;
			proxyType = 1;
			remoteGlobalIDString = E209DF131BEFA5A8007708FB;
			remoteInfo = Caffeinator;
		};
		E209DF2F1BEFA5A8007708FB /* PBXContainerItemProxy */ = {
			isa = PBXContainerItemProxy;
			containerPortal = E209DF0C1BEFA5A8007708FB /* Project object */;
			proxyType = 1;
			remoteGlobalIDString = E209DF131BEFA5A8007708FB;
			remoteInfo = Caffeinator;
		};
/* End PBXContainerItemProxy section */

/* Begin PBXCopyFilesBuildPhase section */
		E2145219216ADEF7005756E5 /* Embed Frameworks */ = {
			isa = PBXCopyFilesBuildPhase;
			buildActionMask = 2147483647;
			dstPath = "";
			dstSubfolderSpec = 10;
			files = (
				E287978022B96455004355B1 /* Sparkle.framework in Embed Frameworks */,
				E23D4A76229B0AEE00F0FBB8 /* CaffeineKit.framework in Embed Frameworks */,
				E2AD896523BAA0BE0057E431 /* HotKey.framework in Embed Frameworks */,
			);
			name = "Embed Frameworks";
			runOnlyForDeploymentPostprocessing = 0;
		};
		E214521A216ADF0B005756E5 /* CopyFiles */ = {
			isa = PBXCopyFilesBuildPhase;
			buildActionMask = 2147483647;
			dstPath = "";
			dstSubfolderSpec = 16;
			files = (
				E287978222B96470004355B1 /* Sparkle.framework.dSYM in CopyFiles */,
				E287977C22B95A4B004355B1 /* CaffeineKit.framework.dSYM in CopyFiles */,
				E2AD896623BAA0C30057E431 /* HotKey.framework.dSYM in CopyFiles */,
			);
			runOnlyForDeploymentPostprocessing = 0;
		};
/* End PBXCopyFilesBuildPhase section */

/* Begin PBXFileReference section */
		E20139BB1F77FDB1008B12E1 /* README.md */ = {isa = PBXFileReference; lastKnownFileType = net.daringfireball.markdown; path = README.md; sourceTree = "<group>"; };
		E20139BC1F77FDB2008B12E1 /* LICENSE.txt */ = {isa = PBXFileReference; lastKnownFileType = text; path = LICENSE.txt; sourceTree = "<group>"; };
		E20139C11F78024B008B12E1 /* Notifier.swift */ = {isa = PBXFileReference; lastKnownFileType = sourcecode.swift; path = Notifier.swift; sourceTree = "<group>"; };
		E209DF141BEFA5A8007708FB /* Caffeinator.app */ = {isa = PBXFileReference; explicitFileType = wrapper.application; includeInIndex = 0; path = Caffeinator.app; sourceTree = BUILT_PRODUCTS_DIR; };
		E209DF171BEFA5A8007708FB /* AppDelegate.swift */ = {isa = PBXFileReference; lastKnownFileType = sourcecode.swift; path = AppDelegate.swift; sourceTree = "<group>"; };
		E209DF191BEFA5A8007708FB /* Assets.xcassets */ = {isa = PBXFileReference; lastKnownFileType = folder.assetcatalog; path = Assets.xcassets; sourceTree = "<group>"; };
		E209DF1E1BEFA5A8007708FB /* Info.plist */ = {isa = PBXFileReference; lastKnownFileType = text.plist.xml; path = Info.plist; sourceTree = "<group>"; };
		E209DF231BEFA5A8007708FB /* CaffeinatorTests.xctest */ = {isa = PBXFileReference; explicitFileType = wrapper.cfbundle; includeInIndex = 0; path = CaffeinatorTests.xctest; sourceTree = BUILT_PRODUCTS_DIR; };
		E209DF271BEFA5A8007708FB /* CaffeinatorTests.swift */ = {isa = PBXFileReference; lastKnownFileType = sourcecode.swift; path = CaffeinatorTests.swift; sourceTree = "<group>"; };
		E209DF291BEFA5A8007708FB /* Info.plist */ = {isa = PBXFileReference; lastKnownFileType = text.plist.xml; path = Info.plist; sourceTree = "<group>"; };
		E209DF2E1BEFA5A8007708FB /* CaffeinatorUITests.xctest */ = {isa = PBXFileReference; explicitFileType = wrapper.cfbundle; includeInIndex = 0; path = CaffeinatorUITests.xctest; sourceTree = BUILT_PRODUCTS_DIR; };
		E209DF321BEFA5A8007708FB /* CaffeinatorUITests.swift */ = {isa = PBXFileReference; lastKnownFileType = sourcecode.swift; path = CaffeinatorUITests.swift; sourceTree = "<group>"; };
		E209DF341BEFA5A8007708FB /* Info.plist */ = {isa = PBXFileReference; lastKnownFileType = text.plist.xml; path = Info.plist; sourceTree = "<group>"; };
		E2145215216ADE03005756E5 /* Cartfile */ = {isa = PBXFileReference; lastKnownFileType = text; path = Cartfile; sourceTree = "<group>"; };
		E2145216216ADEF7005756E5 /* CaffeineKit.framework */ = {isa = PBXFileReference; lastKnownFileType = wrapper.framework; path = CaffeineKit.framework; sourceTree = "<group>"; };
		E217D8952069447E005FFCF3 /* es */ = {isa = PBXFileReference; lastKnownFileType = text.plist.strings; name = es; path = es.lproj/Localizable.strings; sourceTree = "<group>"; };
		E252008E213742F30086010F /* Base */ = {isa = PBXFileReference; lastKnownFileType = text.plist.strings; name = Base; path = Base.lproj/Localizable.strings; sourceTree = "<group>"; };
		E26273E4211C8AB2005F9121 /* CustomPanelViewController.swift */ = {isa = PBXFileReference; lastKnownFileType = sourcecode.swift; path = CustomPanelViewController.swift; sourceTree = "<group>"; };
		E26273E6211C8C5D005F9121 /* HelpPanelViewController.swift */ = {isa = PBXFileReference; lastKnownFileType = sourcecode.swift; path = HelpPanelViewController.swift; sourceTree = "<group>"; };
		E26273EA211C8D7B005F9121 /* LicensesViewController.swift */ = {isa = PBXFileReference; lastKnownFileType = sourcecode.swift; path = LicensesViewController.swift; sourceTree = "<group>"; };
		E26273ED211C8DFD005F9121 /* Base */ = {isa = PBXFileReference; lastKnownFileType = file.storyboard; name = Base; path = Base.lproj/Main.storyboard; sourceTree = "<group>"; };
		E26273F0211C8E02005F9121 /* es */ = {isa = PBXFileReference; lastKnownFileType = text.plist.strings; name = es; path = es.lproj/Main.strings; sourceTree = "<group>"; };
		E26E133F211A4D9100DA4F90 /* KillallManager.swift */ = {isa = PBXFileReference; lastKnownFileType = sourcecode.swift; path = KillallManager.swift; sourceTree = "<group>"; };
		E278A2F322A06B1700EEFFCB /* help_light.html */ = {isa = PBXFileReference; lastKnownFileType = text.html; path = help_light.html; sourceTree = "<group>"; };
		E278A2F422A06B1700EEFFCB /* help_dark.html */ = {isa = PBXFileReference; lastKnownFileType = text.html; path = help_dark.html; sourceTree = "<group>"; };
		E278A2F522A06B1700EEFFCB /* Caffeinator Help.md */ = {isa = PBXFileReference; lastKnownFileType = net.daringfireball.markdown; path = "Caffeinator Help.md"; sourceTree = "<group>"; };
		E27F9A612294DE6200CD60B0 /* ProcessAdditions.swift */ = {isa = PBXFileReference; fileEncoding = 4; lastKnownFileType = sourcecode.swift; path = ProcessAdditions.swift; sourceTree = "<group>"; };
		E287977222B82C55004355B1 /* ProcessPanelViewController.swift */ = {isa = PBXFileReference; lastKnownFileType = sourcecode.swift; path = ProcessPanelViewController.swift; sourceTree = "<group>"; };
		E287977722B92B11004355B1 /* Caffeinator-Bridging-Header.h */ = {isa = PBXFileReference; lastKnownFileType = sourcecode.c.h; path = "Caffeinator-Bridging-Header.h"; sourceTree = "<group>"; };
		E287977822B93BC1004355B1 /* CaffeinationAdditions.swift */ = {isa = PBXFileReference; lastKnownFileType = sourcecode.swift; path = CaffeinationAdditions.swift; sourceTree = "<group>"; };
		E287977A22B95A4B004355B1 /* CaffeineKit.framework.dSYM */ = {isa = PBXFileReference; lastKnownFileType = wrapper.dsym; path = CaffeineKit.framework.dSYM; sourceTree = "<group>"; };
		E287977F22B96455004355B1 /* Sparkle.framework */ = {isa = PBXFileReference; lastKnownFileType = wrapper.framework; path = Sparkle.framework; sourceTree = "<group>"; };
		E287978122B96470004355B1 /* Sparkle.framework.dSYM */ = {isa = PBXFileReference; lastKnownFileType = wrapper.dsym; path = Sparkle.framework.dSYM; sourceTree = "<group>"; };
		E287978722B982A8004355B1 /* .gitignore */ = {isa = PBXFileReference; fileEncoding = 4; lastKnownFileType = text; path = .gitignore; sourceTree = "<group>"; };
		E2AD896023BAA00C0057E431 /* HotKey.framework */ = {isa = PBXFileReference; lastKnownFileType = wrapper.framework; path = HotKey.framework; sourceTree = "<group>"; };
		E2AD896223BAA0270057E431 /* HotKey.framework.dSYM */ = {isa = PBXFileReference; lastKnownFileType = wrapper.dsym; path = HotKey.framework.dSYM; sourceTree = "<group>"; };
		E2AD896723BAA66A0057E431 /* HotKeyManager.swift */ = {isa = PBXFileReference; lastKnownFileType = sourcecode.swift; path = HotKeyManager.swift; sourceTree = "<group>"; };
		E2AD896923BAAE3F0057E431 /* ShortcutsViewController.swift */ = {isa = PBXFileReference; lastKnownFileType = sourcecode.swift; path = ShortcutsViewController.swift; sourceTree = "<group>"; };
		E2EAD9F71F5E117A00E60133 /* Licenses.rtf */ = {isa = PBXFileReference; fileEncoding = 4; lastKnownFileType = text.rtf; path = Licenses.rtf; sourceTree = "<group>"; };
		E2EF735B22B7D94500DC3296 /* TimeEntryPanelViewController.swift */ = {isa = PBXFileReference; lastKnownFileType = sourcecode.swift; path = TimeEntryPanelViewController.swift; sourceTree = "<group>"; };
		E2EF735D22B7FF8400DC3296 /* PseudoModal.swift */ = {isa = PBXFileReference; lastKnownFileType = sourcecode.swift; path = PseudoModal.swift; sourceTree = "<group>"; };
/* End PBXFileReference section */

/* Begin PBXFrameworksBuildPhase section */
		E209DF111BEFA5A8007708FB /* Frameworks */ = {
			isa = PBXFrameworksBuildPhase;
			buildActionMask = 2147483647;
			files = (
				E287978622B97A1D004355B1 /* Sparkle.framework in Frameworks */,
			);
			runOnlyForDeploymentPostprocessing = 0;
		};
		E209DF201BEFA5A8007708FB /* Frameworks */ = {
			isa = PBXFrameworksBuildPhase;
			buildActionMask = 2147483647;
			files = (
			);
			runOnlyForDeploymentPostprocessing = 0;
		};
		E209DF2B1BEFA5A8007708FB /* Frameworks */ = {
			isa = PBXFrameworksBuildPhase;
			buildActionMask = 2147483647;
			files = (
			);
			runOnlyForDeploymentPostprocessing = 0;
		};
/* End PBXFrameworksBuildPhase section */

/* Begin PBXGroup section */
		E209DF0B1BEFA5A8007708FB = {
			isa = PBXGroup;
			children = (
				E287977E22B95AD9004355B1 /* lib */,
				E209DF161BEFA5A8007708FB /* Caffeinator */,
				E278A2F822A08E8300EEFFCB /* Resources */,
				E209DF261BEFA5A8007708FB /* CaffeinatorTests */,
				E209DF311BEFA5A8007708FB /* CaffeinatorUITests */,
				E209DF151BEFA5A8007708FB /* Products */,
				E278A2F522A06B1700EEFFCB /* Caffeinator Help.md */,
				E2145215216ADE03005756E5 /* Cartfile */,
				E20139BC1F77FDB2008B12E1 /* LICENSE.txt */,
				E20139BB1F77FDB1008B12E1 /* README.md */,
				E287978722B982A8004355B1 /* .gitignore */,
				E23D4A74229B0AE100F0FBB8 /* Frameworks */,
			);
			sourceTree = "<group>";
		};
		E209DF151BEFA5A8007708FB /* Products */ = {
			isa = PBXGroup;
			children = (
				E209DF141BEFA5A8007708FB /* Caffeinator.app */,
				E209DF231BEFA5A8007708FB /* CaffeinatorTests.xctest */,
				E209DF2E1BEFA5A8007708FB /* CaffeinatorUITests.xctest */,
			);
			name = Products;
			sourceTree = "<group>";
		};
		E209DF161BEFA5A8007708FB /* Caffeinator */ = {
			isa = PBXGroup;
			children = (
				E209DF171BEFA5A8007708FB /* AppDelegate.swift */,
				E26273EE211C8DFD005F9121 /* Main.storyboard */,
				E217D8942069447C005FFCF3 /* Localizable.strings */,
				E287977022B825DA004355B1 /* ViewControllers */,
				E287977122B825F5004355B1 /* Utilities */,
				E209DF1E1BEFA5A8007708FB /* Info.plist */,
				E209DF191BEFA5A8007708FB /* Assets.xcassets */,
				E287977722B92B11004355B1 /* Caffeinator-Bridging-Header.h */,
			);
			path = Caffeinator;
			sourceTree = "<group>";
		};
		E209DF261BEFA5A8007708FB /* CaffeinatorTests */ = {
			isa = PBXGroup;
			children = (
				E209DF271BEFA5A8007708FB /* CaffeinatorTests.swift */,
				E209DF291BEFA5A8007708FB /* Info.plist */,
			);
			path = CaffeinatorTests;
			sourceTree = "<group>";
		};
		E209DF311BEFA5A8007708FB /* CaffeinatorUITests */ = {
			isa = PBXGroup;
			children = (
				E209DF321BEFA5A8007708FB /* CaffeinatorUITests.swift */,
				E209DF341BEFA5A8007708FB /* Info.plist */,
			);
			path = CaffeinatorUITests;
			sourceTree = "<group>";
		};
		E23D4A74229B0AE100F0FBB8 /* Frameworks */ = {
			isa = PBXGroup;
			children = (
			);
			name = Frameworks;
			sourceTree = "<group>";
		};
		E278A2F822A08E8300EEFFCB /* Resources */ = {
			isa = PBXGroup;
			children = (
				E278A2F422A06B1700EEFFCB /* help_dark.html */,
				E278A2F322A06B1700EEFFCB /* help_light.html */,
				E2EAD9F71F5E117A00E60133 /* Licenses.rtf */,
			);
			path = Resources;
			sourceTree = "<group>";
		};
		E287977022B825DA004355B1 /* ViewControllers */ = {
			isa = PBXGroup;
			children = (
				E26273E4211C8AB2005F9121 /* CustomPanelViewController.swift */,
				E26273E6211C8C5D005F9121 /* HelpPanelViewController.swift */,
				E26273EA211C8D7B005F9121 /* LicensesViewController.swift */,
				E287977222B82C55004355B1 /* ProcessPanelViewController.swift */,
				E2AD896923BAAE3F0057E431 /* ShortcutsViewController.swift */,
				E2EF735B22B7D94500DC3296 /* TimeEntryPanelViewController.swift */,
			);
			path = ViewControllers;
			sourceTree = "<group>";
		};
		E287977122B825F5004355B1 /* Utilities */ = {
			isa = PBXGroup;
			children = (
				E287977822B93BC1004355B1 /* CaffeinationAdditions.swift */,
				E2AD896723BAA66A0057E431 /* HotKeyManager.swift */,
				E26E133F211A4D9100DA4F90 /* KillallManager.swift */,
				E20139C11F78024B008B12E1 /* Notifier.swift */,
				E27F9A612294DE6200CD60B0 /* ProcessAdditions.swift */,
				E2EF735D22B7FF8400DC3296 /* PseudoModal.swift */,
			);
			path = Utilities;
			sourceTree = "<group>";
		};
		E287977E22B95AD9004355B1 /* lib */ = {
			isa = PBXGroup;
			children = (
				E2AD896223BAA0270057E431 /* HotKey.framework.dSYM */,
				E2AD896023BAA00C0057E431 /* HotKey.framework */,
				E287977A22B95A4B004355B1 /* CaffeineKit.framework.dSYM */,
				E287978122B96470004355B1 /* Sparkle.framework.dSYM */,
				E2145216216ADEF7005756E5 /* CaffeineKit.framework */,
				E287977F22B96455004355B1 /* Sparkle.framework */,
			);
			path = lib;
			sourceTree = "<group>";
		};
/* End PBXGroup section */

/* Begin PBXNativeTarget section */
		E209DF131BEFA5A8007708FB /* Caffeinator */ = {
			isa = PBXNativeTarget;
			buildConfigurationList = E209DF371BEFA5A8007708FB /* Build configuration list for PBXNativeTarget "Caffeinator" */;
			buildPhases = (
				E209DF101BEFA5A8007708FB /* Sources */,
				E209DF111BEFA5A8007708FB /* Frameworks */,
				E209DF121BEFA5A8007708FB /* Resources */,
				E2145219216ADEF7005756E5 /* Embed Frameworks */,
				E214521A216ADF0B005756E5 /* CopyFiles */,
			);
			buildRules = (
			);
			dependencies = (
			);
			name = Caffeinator;
			productName = Caffeinator;
			productReference = E209DF141BEFA5A8007708FB /* Caffeinator.app */;
			productType = "com.apple.product-type.application";
		};
		E209DF221BEFA5A8007708FB /* CaffeinatorTests */ = {
			isa = PBXNativeTarget;
			buildConfigurationList = E209DF3A1BEFA5A8007708FB /* Build configuration list for PBXNativeTarget "CaffeinatorTests" */;
			buildPhases = (
				E209DF1F1BEFA5A8007708FB /* Sources */,
				E209DF201BEFA5A8007708FB /* Frameworks */,
				E209DF211BEFA5A8007708FB /* Resources */,
			);
			buildRules = (
			);
			dependencies = (
				E209DF251BEFA5A8007708FB /* PBXTargetDependency */,
			);
			name = CaffeinatorTests;
			productName = CaffeinatorTests;
			productReference = E209DF231BEFA5A8007708FB /* CaffeinatorTests.xctest */;
			productType = "com.apple.product-type.bundle.unit-test";
		};
		E209DF2D1BEFA5A8007708FB /* CaffeinatorUITests */ = {
			isa = PBXNativeTarget;
			buildConfigurationList = E209DF3D1BEFA5A8007708FB /* Build configuration list for PBXNativeTarget "CaffeinatorUITests" */;
			buildPhases = (
				E209DF2A1BEFA5A8007708FB /* Sources */,
				E209DF2B1BEFA5A8007708FB /* Frameworks */,
				E209DF2C1BEFA5A8007708FB /* Resources */,
			);
			buildRules = (
			);
			dependencies = (
				E209DF301BEFA5A8007708FB /* PBXTargetDependency */,
			);
			name = CaffeinatorUITests;
			productName = CaffeinatorUITests;
			productReference = E209DF2E1BEFA5A8007708FB /* CaffeinatorUITests.xctest */;
			productType = "com.apple.product-type.bundle.ui-testing";
		};
/* End PBXNativeTarget section */

/* Begin PBXProject section */
		E209DF0C1BEFA5A8007708FB /* Project object */ = {
			isa = PBXProject;
			attributes = {
				LastSwiftUpdateCheck = 0710;
				LastUpgradeCheck = 1100;
				ORGANIZATIONNAME = aaplmath;
				TargetAttributes = {
					E209DF131BEFA5A8007708FB = {
						CreatedOnToolsVersion = 7.1;
						LastSwiftMigration = 1020;
						SystemCapabilities = {
							com.apple.Sandbox = {
								enabled = 0;
							};
						};
					};
					E209DF221BEFA5A8007708FB = {
						CreatedOnToolsVersion = 7.1;
						LastSwiftMigration = 1020;
						TestTargetID = E209DF131BEFA5A8007708FB;
					};
					E209DF2D1BEFA5A8007708FB = {
						CreatedOnToolsVersion = 7.1;
						LastSwiftMigration = 1020;
						TestTargetID = E209DF131BEFA5A8007708FB;
					};
				};
			};
			buildConfigurationList = E209DF0F1BEFA5A8007708FB /* Build configuration list for PBXProject "Caffeinator" */;
			compatibilityVersion = "Xcode 6.3";
			developmentRegion = en;
			hasScannedForEncodings = 0;
			knownRegions = (
				en,
				Base,
				es,
			);
			mainGroup = E209DF0B1BEFA5A8007708FB;
			productRefGroup = E209DF151BEFA5A8007708FB /* Products */;
			projectDirPath = "";
			projectRoot = "";
			targets = (
				E209DF131BEFA5A8007708FB /* Caffeinator */,
				E209DF221BEFA5A8007708FB /* CaffeinatorTests */,
				E209DF2D1BEFA5A8007708FB /* CaffeinatorUITests */,
			);
		};
/* End PBXProject section */

/* Begin PBXResourcesBuildPhase section */
		E209DF121BEFA5A8007708FB /* Resources */ = {
			isa = PBXResourcesBuildPhase;
			buildActionMask = 2147483647;
			files = (
				E278A2F622A06B1A00EEFFCB /* help_dark.html in Resources */,
				E287978822B982A8004355B1 /* .gitignore in Resources */,
				E209DF1A1BEFA5A8007708FB /* Assets.xcassets in Resources */,
				E278A2F722A06B1C00EEFFCB /* help_light.html in Resources */,
				E26273EC211C8DFD005F9121 /* Main.storyboard in Resources */,
				E217D8922069447C005FFCF3 /* Localizable.strings in Resources */,
				E2EAD9F81F5E117A00E60133 /* Licenses.rtf in Resources */,
			);
			runOnlyForDeploymentPostprocessing = 0;
		};
		E209DF211BEFA5A8007708FB /* Resources */ = {
			isa = PBXResourcesBuildPhase;
			buildActionMask = 2147483647;
			files = (
			);
			runOnlyForDeploymentPostprocessing = 0;
		};
		E209DF2C1BEFA5A8007708FB /* Resources */ = {
			isa = PBXResourcesBuildPhase;
			buildActionMask = 2147483647;
			files = (
			);
			runOnlyForDeploymentPostprocessing = 0;
		};
/* End PBXResourcesBuildPhase section */

/* Begin PBXSourcesBuildPhase section */
		E209DF101BEFA5A8007708FB /* Sources */ = {
			isa = PBXSourcesBuildPhase;
			buildActionMask = 2147483647;
			files = (
				E26273EB211C8D7B005F9121 /* LicensesViewController.swift in Sources */,
				E26273E8211C8C5D005F9121 /* HelpPanelViewController.swift in Sources */,
				E26273E5211C8AB2005F9121 /* CustomPanelViewController.swift in Sources */,
				E287977922B93BC1004355B1 /* CaffeinationAdditions.swift in Sources */,
				E209DF181BEFA5A8007708FB /* AppDelegate.swift in Sources */,
				E2AD896823BAA66A0057E431 /* HotKeyManager.swift in Sources */,
				E26E1340211A4D9100DA4F90 /* KillallManager.swift in Sources */,
				E20139C21F78024B008B12E1 /* Notifier.swift in Sources */,
				E27F9A622294DE6200CD60B0 /* ProcessAdditions.swift in Sources */,
				E2AD896A23BAAE3F0057E431 /* ShortcutsViewController.swift in Sources */,
				E2EF735E22B7FF8400DC3296 /* PseudoModal.swift in Sources */,
				E287977322B82C55004355B1 /* ProcessPanelViewController.swift in Sources */,
				E2EF735C22B7D94500DC3296 /* TimeEntryPanelViewController.swift in Sources */,
			);
			runOnlyForDeploymentPostprocessing = 0;
		};
		E209DF1F1BEFA5A8007708FB /* Sources */ = {
			isa = PBXSourcesBuildPhase;
			buildActionMask = 2147483647;
			files = (
				E209DF281BEFA5A8007708FB /* CaffeinatorTests.swift in Sources */,
			);
			runOnlyForDeploymentPostprocessing = 0;
		};
		E209DF2A1BEFA5A8007708FB /* Sources */ = {
			isa = PBXSourcesBuildPhase;
			buildActionMask = 2147483647;
			files = (
				E209DF331BEFA5A8007708FB /* CaffeinatorUITests.swift in Sources */,
			);
			runOnlyForDeploymentPostprocessing = 0;
		};
/* End PBXSourcesBuildPhase section */

/* Begin PBXTargetDependency section */
		E209DF251BEFA5A8007708FB /* PBXTargetDependency */ = {
			isa = PBXTargetDependency;
			target = E209DF131BEFA5A8007708FB /* Caffeinator */;
			targetProxy = E209DF241BEFA5A8007708FB /* PBXContainerItemProxy */;
		};
		E209DF301BEFA5A8007708FB /* PBXTargetDependency */ = {
			isa = PBXTargetDependency;
			target = E209DF131BEFA5A8007708FB /* Caffeinator */;
			targetProxy = E209DF2F1BEFA5A8007708FB /* PBXContainerItemProxy */;
		};
/* End PBXTargetDependency section */

/* Begin PBXVariantGroup section */
		E217D8942069447C005FFCF3 /* Localizable.strings */ = {
			isa = PBXVariantGroup;
			children = (
				E217D8952069447E005FFCF3 /* es */,
				E252008E213742F30086010F /* Base */,
			);
			name = Localizable.strings;
			sourceTree = "<group>";
		};
		E26273EE211C8DFD005F9121 /* Main.storyboard */ = {
			isa = PBXVariantGroup;
			children = (
				E26273ED211C8DFD005F9121 /* Base */,
				E26273F0211C8E02005F9121 /* es */,
			);
			name = Main.storyboard;
			sourceTree = "<group>";
		};
/* End PBXVariantGroup section */

/* Begin XCBuildConfiguration section */
		E209DF351BEFA5A8007708FB /* Debug */ = {
			isa = XCBuildConfiguration;
			buildSettings = {
				ALWAYS_SEARCH_USER_PATHS = NO;
				CLANG_ANALYZER_LOCALIZABILITY_NONLOCALIZED = YES;
				CLANG_CXX_LANGUAGE_STANDARD = "gnu++0x";
				CLANG_CXX_LIBRARY = "libc++";
				CLANG_ENABLE_MODULES = YES;
				CLANG_ENABLE_OBJC_ARC = YES;
				CLANG_WARN_BLOCK_CAPTURE_AUTORELEASING = YES;
				CLANG_WARN_BOOL_CONVERSION = YES;
				CLANG_WARN_COMMA = YES;
				CLANG_WARN_CONSTANT_CONVERSION = YES;
				CLANG_WARN_DEPRECATED_OBJC_IMPLEMENTATIONS = YES;
				CLANG_WARN_DIRECT_OBJC_ISA_USAGE = YES_ERROR;
				CLANG_WARN_EMPTY_BODY = YES;
				CLANG_WARN_ENUM_CONVERSION = YES;
				CLANG_WARN_INFINITE_RECURSION = YES;
				CLANG_WARN_INT_CONVERSION = YES;
				CLANG_WARN_NON_LITERAL_NULL_CONVERSION = YES;
				CLANG_WARN_OBJC_IMPLICIT_RETAIN_SELF = YES;
				CLANG_WARN_OBJC_LITERAL_CONVERSION = YES;
				CLANG_WARN_OBJC_ROOT_CLASS = YES_ERROR;
				CLANG_WARN_RANGE_LOOP_ANALYSIS = YES;
				CLANG_WARN_STRICT_PROTOTYPES = YES;
				CLANG_WARN_SUSPICIOUS_MOVE = YES;
				CLANG_WARN_UNREACHABLE_CODE = YES;
				CLANG_WARN__DUPLICATE_METHOD_MATCH = YES;
				CODE_SIGN_IDENTITY = "-";
				COPY_PHASE_STRIP = NO;
				DEBUG_INFORMATION_FORMAT = dwarf;
				ENABLE_STRICT_OBJC_MSGSEND = YES;
				ENABLE_TESTABILITY = YES;
				GCC_C_LANGUAGE_STANDARD = gnu99;
				GCC_DYNAMIC_NO_PIC = NO;
				GCC_NO_COMMON_BLOCKS = YES;
				GCC_OPTIMIZATION_LEVEL = 0;
				GCC_PREPROCESSOR_DEFINITIONS = (
					"DEBUG=1",
					"$(inherited)",
				);
				GCC_WARN_64_TO_32_BIT_CONVERSION = YES;
				GCC_WARN_ABOUT_RETURN_TYPE = YES_ERROR;
				GCC_WARN_UNDECLARED_SELECTOR = YES;
				GCC_WARN_UNINITIALIZED_AUTOS = YES_AGGRESSIVE;
				GCC_WARN_UNUSED_FUNCTION = YES;
				GCC_WARN_UNUSED_VARIABLE = YES;
				MACOSX_DEPLOYMENT_TARGET = 10.12;
				MTL_ENABLE_DEBUG_INFO = YES;
				ONLY_ACTIVE_ARCH = YES;
				SDKROOT = macosx;
				SWIFT_OPTIMIZATION_LEVEL = "-Onone";
			};
			name = Debug;
		};
		E209DF361BEFA5A8007708FB /* Release */ = {
			isa = XCBuildConfiguration;
			buildSettings = {
				ALWAYS_SEARCH_USER_PATHS = NO;
				CLANG_ANALYZER_LOCALIZABILITY_NONLOCALIZED = YES;
				CLANG_CXX_LANGUAGE_STANDARD = "gnu++0x";
				CLANG_CXX_LIBRARY = "libc++";
				CLANG_ENABLE_MODULES = YES;
				CLANG_ENABLE_OBJC_ARC = YES;
				CLANG_WARN_BLOCK_CAPTURE_AUTORELEASING = YES;
				CLANG_WARN_BOOL_CONVERSION = YES;
				CLANG_WARN_COMMA = YES;
				CLANG_WARN_CONSTANT_CONVERSION = YES;
				CLANG_WARN_DEPRECATED_OBJC_IMPLEMENTATIONS = YES;
				CLANG_WARN_DIRECT_OBJC_ISA_USAGE = YES_ERROR;
				CLANG_WARN_EMPTY_BODY = YES;
				CLANG_WARN_ENUM_CONVERSION = YES;
				CLANG_WARN_INFINITE_RECURSION = YES;
				CLANG_WARN_INT_CONVERSION = YES;
				CLANG_WARN_NON_LITERAL_NULL_CONVERSION = YES;
				CLANG_WARN_OBJC_IMPLICIT_RETAIN_SELF = YES;
				CLANG_WARN_OBJC_LITERAL_CONVERSION = YES;
				CLANG_WARN_OBJC_ROOT_CLASS = YES_ERROR;
				CLANG_WARN_RANGE_LOOP_ANALYSIS = YES;
				CLANG_WARN_STRICT_PROTOTYPES = YES;
				CLANG_WARN_SUSPICIOUS_MOVE = YES;
				CLANG_WARN_UNREACHABLE_CODE = YES;
				CLANG_WARN__DUPLICATE_METHOD_MATCH = YES;
				CODE_SIGN_IDENTITY = "-";
				COPY_PHASE_STRIP = NO;
				DEBUG_INFORMATION_FORMAT = "dwarf-with-dsym";
				ENABLE_NS_ASSERTIONS = NO;
				ENABLE_STRICT_OBJC_MSGSEND = YES;
				GCC_C_LANGUAGE_STANDARD = gnu99;
				GCC_NO_COMMON_BLOCKS = YES;
				GCC_WARN_64_TO_32_BIT_CONVERSION = YES;
				GCC_WARN_ABOUT_RETURN_TYPE = YES_ERROR;
				GCC_WARN_UNDECLARED_SELECTOR = YES;
				GCC_WARN_UNINITIALIZED_AUTOS = YES_AGGRESSIVE;
				GCC_WARN_UNUSED_FUNCTION = YES;
				GCC_WARN_UNUSED_VARIABLE = YES;
				MACOSX_DEPLOYMENT_TARGET = 10.12;
				MTL_ENABLE_DEBUG_INFO = NO;
				SDKROOT = macosx;
				SWIFT_OPTIMIZATION_LEVEL = "-Owholemodule";
			};
			name = Release;
		};
		E209DF381BEFA5A8007708FB /* Debug */ = {
			isa = XCBuildConfiguration;
			buildSettings = {
				ASSETCATALOG_COMPILER_APPICON_NAME = AppIcon;
				CODE_SIGN_IDENTITY = "-";
				COMBINE_HIDPI_IMAGES = YES;
				FRAMEWORK_SEARCH_PATHS = (
					"$(inherited)",
					"$(PROJECT_DIR)/Carthage/Build/Mac",
					"$(PROJECT_DIR)/lib",
				);
				INFOPLIST_FILE = Caffeinator/Info.plist;
				LD_RUNPATH_SEARCH_PATHS = "$(inherited) @executable_path/../Frameworks";
				MACOSX_DEPLOYMENT_TARGET = 10.12;
				PRODUCT_BUNDLE_IDENTIFIER = com.aaplmath.Caffeinator;
				PRODUCT_NAME = "$(TARGET_NAME)";
				SWIFT_OBJC_BRIDGING_HEADER = "Caffeinator/Caffeinator-Bridging-Header.h";
				SWIFT_VERSION = 5.0;
			};
			name = Debug;
		};
		E209DF391BEFA5A8007708FB /* Release */ = {
			isa = XCBuildConfiguration;
			buildSettings = {
				ASSETCATALOG_COMPILER_APPICON_NAME = AppIcon;
				CODE_SIGN_IDENTITY = "-";
				COMBINE_HIDPI_IMAGES = YES;
				FRAMEWORK_SEARCH_PATHS = (
					"$(inherited)",
					"$(PROJECT_DIR)/Carthage/Build/Mac",
					"$(PROJECT_DIR)/lib",
				);
				INFOPLIST_FILE = Caffeinator/Info.plist;
				LD_RUNPATH_SEARCH_PATHS = "$(inherited) @executable_path/../Frameworks";
				MACOSX_DEPLOYMENT_TARGET = 10.12;
				PRODUCT_BUNDLE_IDENTIFIER = com.aaplmath.Caffeinator;
				PRODUCT_NAME = "$(TARGET_NAME)";
				SWIFT_OBJC_BRIDGING_HEADER = "Caffeinator/Caffeinator-Bridging-Header.h";
				SWIFT_VERSION = 5.0;
			};
			name = Release;
		};
		E209DF3B1BEFA5A8007708FB /* Debug */ = {
			isa = XCBuildConfiguration;
			buildSettings = {
				BUNDLE_LOADER = "$(TEST_HOST)";
				COMBINE_HIDPI_IMAGES = YES;
				INFOPLIST_FILE = CaffeinatorTests/Info.plist;
				LD_RUNPATH_SEARCH_PATHS = "$(inherited) @executable_path/../Frameworks @loader_path/../Frameworks";
				PRODUCT_BUNDLE_IDENTIFIER = com.aaplmath.CaffeinatorTests;
				PRODUCT_NAME = "$(TARGET_NAME)";
				SWIFT_VERSION = 5.0;
				TEST_HOST = "$(BUILT_PRODUCTS_DIR)/Caffeinator.app/Contents/MacOS/Caffeinator";
			};
			name = Debug;
		};
		E209DF3C1BEFA5A8007708FB /* Release */ = {
			isa = XCBuildConfiguration;
			buildSettings = {
				BUNDLE_LOADER = "$(TEST_HOST)";
				COMBINE_HIDPI_IMAGES = YES;
				INFOPLIST_FILE = CaffeinatorTests/Info.plist;
				LD_RUNPATH_SEARCH_PATHS = "$(inherited) @executable_path/../Frameworks @loader_path/../Frameworks";
				PRODUCT_BUNDLE_IDENTIFIER = com.aaplmath.CaffeinatorTests;
				PRODUCT_NAME = "$(TARGET_NAME)";
				SWIFT_VERSION = 5.0;
				TEST_HOST = "$(BUILT_PRODUCTS_DIR)/Caffeinator.app/Contents/MacOS/Caffeinator";
			};
			name = Release;
		};
		E209DF3E1BEFA5A8007708FB /* Debug */ = {
			isa = XCBuildConfiguration;
			buildSettings = {
				COMBINE_HIDPI_IMAGES = YES;
				INFOPLIST_FILE = CaffeinatorUITests/Info.plist;
				LD_RUNPATH_SEARCH_PATHS = "$(inherited) @executable_path/../Frameworks @loader_path/../Frameworks";
				PRODUCT_BUNDLE_IDENTIFIER = com.aaplmath.CaffeinatorUITests;
				PRODUCT_NAME = "$(TARGET_NAME)";
				SWIFT_VERSION = 5.0;
				TEST_TARGET_NAME = Caffeinator;
				USES_XCTRUNNER = YES;
			};
			name = Debug;
		};
		E209DF3F1BEFA5A8007708FB /* Release */ = {
			isa = XCBuildConfiguration;
			buildSettings = {
				COMBINE_HIDPI_IMAGES = YES;
				INFOPLIST_FILE = CaffeinatorUITests/Info.plist;
				LD_RUNPATH_SEARCH_PATHS = "$(inherited) @executable_path/../Frameworks @loader_path/../Frameworks";
				PRODUCT_BUNDLE_IDENTIFIER = com.aaplmath.CaffeinatorUITests;
				PRODUCT_NAME = "$(TARGET_NAME)";
				SWIFT_VERSION = 5.0;
				TEST_TARGET_NAME = Caffeinator;
				USES_XCTRUNNER = YES;
			};
			name = Release;
		};
/* End XCBuildConfiguration section */

/* Begin XCConfigurationList section */
		E209DF0F1BEFA5A8007708FB /* Build configuration list for PBXProject "Caffeinator" */ = {
			isa = XCConfigurationList;
			buildConfigurations = (
				E209DF351BEFA5A8007708FB /* Debug */,
				E209DF361BEFA5A8007708FB /* Release */,
			);
			defaultConfigurationIsVisible = 0;
			defaultConfigurationName = Release;
		};
		E209DF371BEFA5A8007708FB /* Build configuration list for PBXNativeTarget "Caffeinator" */ = {
			isa = XCConfigurationList;
			buildConfigurations = (
				E209DF381BEFA5A8007708FB /* Debug */,
				E209DF391BEFA5A8007708FB /* Release */,
			);
			defaultConfigurationIsVisible = 0;
			defaultConfigurationName = Release;
		};
		E209DF3A1BEFA5A8007708FB /* Build configuration list for PBXNativeTarget "CaffeinatorTests" */ = {
			isa = XCConfigurationList;
			buildConfigurations = (
				E209DF3B1BEFA5A8007708FB /* Debug */,
				E209DF3C1BEFA5A8007708FB /* Release */,
			);
			defaultConfigurationIsVisible = 0;
			defaultConfigurationName = Release;
		};
		E209DF3D1BEFA5A8007708FB /* Build configuration list for PBXNativeTarget "CaffeinatorUITests" */ = {
			isa = XCConfigurationList;
			buildConfigurations = (
				E209DF3E1BEFA5A8007708FB /* Debug */,
				E209DF3F1BEFA5A8007708FB /* Release */,
			);
			defaultConfigurationIsVisible = 0;
			defaultConfigurationName = Release;
		};
/* End XCConfigurationList section */
	};
	rootObject = E209DF0C1BEFA5A8007708FB /* Project object */;
}
